// !$*UTF8*$!
{
	archiveVersion = 1;
	classes = {
	};
	objectVersion = 77;
	objects = {

/* Begin PBXBuildFile section */
		030D576F2E11FF0B000E174B /* NukeUI in Frameworks */ = {isa = PBXBuildFile; productRef = 030D576E2E11FF0B000E174B /* NukeUI */; };
		03214DE82D881386004F65F1 /* KeyPathIterable in Frameworks */ = {isa = PBXBuildFile; productRef = 03214DE72D881386004F65F1 /* KeyPathIterable */; };
		035DA1712EEEBAFA003225F0 /* PocketBaseIntents in Frameworks */ = {isa = PBXBuildFile; productRef = 035DA1702EEEBAFA003225F0 /* PocketBaseIntents */; };
		035DA1CD2EEF3CA4003225F0 /* WidgetKit.framework in Frameworks */ = {isa = PBXBuildFile; fileRef = 035DA1792EEEBBBB003225F0 /* WidgetKit.framework */; };
		035DA1CE2EEF3CA4003225F0 /* SwiftUI.framework in Frameworks */ = {isa = PBXBuildFile; fileRef = 035DA17B2EEEBBBB003225F0 /* SwiftUI.framework */; };
		035DA1DB2EEF3CA5003225F0 /* PocketBaseWidgetsExtension.appex in Embed Foundation Extensions */ = {isa = PBXBuildFile; fileRef = 035DA1CC2EEF3CA3003225F0 /* PocketBaseWidgetsExtension.appex */; settings = {ATTRIBUTES = (RemoveHeadersOnCopy, ); }; };
		035DA1E12EEF3EBC003225F0 /* PocketBase in Frameworks */ = {isa = PBXBuildFile; productRef = 035DA1E02EEF3EBC003225F0 /* PocketBase */; };
		035DA1E32EEF3EBC003225F0 /* PocketBaseAdmin in Frameworks */ = {isa = PBXBuildFile; productRef = 035DA1E22EEF3EBC003225F0 /* PocketBaseAdmin */; };
		035DA1E52EEF3EC1003225F0 /* PocketBaseIntents in Frameworks */ = {isa = PBXBuildFile; productRef = 035DA1E42EEF3EC1003225F0 /* PocketBaseIntents */; };
		035DA20A2EEF6292003225F0 /* PocketBaseWatch Watch App.app in Embed Watch Content */ = {isa = PBXBuildFile; fileRef = 035DA1EA2EEF6290003225F0 /* PocketBaseWatch Watch App.app */; platformFilter = ios; settings = {ATTRIBUTES = (RemoveHeadersOnCopy, ); }; };
		035DA2152EEF6320003225F0 /* PocketBase in Frameworks */ = {isa = PBXBuildFile; productRef = 035DA2142EEF6320003225F0 /* PocketBase */; };
		035DA2172EEF6320003225F0 /* PocketBaseAdmin in Frameworks */ = {isa = PBXBuildFile; productRef = 035DA2162EEF6320003225F0 /* PocketBaseAdmin */; };
		035DA2192EEF6326003225F0 /* PocketBaseIntents in Frameworks */ = {isa = PBXBuildFile; productRef = 035DA2182EEF6326003225F0 /* PocketBaseIntents */; };
		037F11EF2D90A587009717C8 /* PocketBaseAdmin in Frameworks */ = {isa = PBXBuildFile; productRef = 037F11EE2D90A587009717C8 /* PocketBaseAdmin */; };
		0386276C2E10C58900E37D56 /* BetterTable in Frameworks */ = {isa = PBXBuildFile; platformFilters = (macos, ); productRef = 0386276B2E10C58900E37D56 /* BetterTable */; };
		03EAC97D2D92746200E85F29 /* PocketBaseUI in Frameworks */ = {isa = PBXBuildFile; productRef = 03EAC97C2D92746200E85F29 /* PocketBaseUI */; };
/* End PBXBuildFile section */

/* Begin PBXContainerItemProxy section */
		03214DC42D87F77A004F65F1 /* PBXContainerItemProxy */ = {
			isa = PBXContainerItemProxy;
			containerPortal = 03214DAA2D87F778004F65F1 /* Project object */;
			proxyType = 1;
			remoteGlobalIDString = 03214DB12D87F778004F65F1;
			remoteInfo = PocketBaseAdmin;
		};
		03214DCE2D87F77A004F65F1 /* PBXContainerItemProxy */ = {
			isa = PBXContainerItemProxy;
			containerPortal = 03214DAA2D87F778004F65F1 /* Project object */;
			proxyType = 1;
			remoteGlobalIDString = 03214DB12D87F778004F65F1;
			remoteInfo = PocketBaseAdmin;
		};
		035DA1D92EEF3CA5003225F0 /* PBXContainerItemProxy */ = {
			isa = PBXContainerItemProxy;
			containerPortal = 03214DAA2D87F778004F65F1 /* Project object */;
			proxyType = 1;
			remoteGlobalIDString = 035DA1CB2EEF3CA3003225F0;
			remoteInfo = PocketBaseWidgetsExtension;
		};
		035DA1F72EEF6292003225F0 /* PBXContainerItemProxy */ = {
			isa = PBXContainerItemProxy;
			containerPortal = 03214DAA2D87F778004F65F1 /* Project object */;
			proxyType = 1;
			remoteGlobalIDString = 035DA1E92EEF6290003225F0;
			remoteInfo = "PocketBaseWatch Watch App";
		};
		035DA2012EEF6292003225F0 /* PBXContainerItemProxy */ = {
			isa = PBXContainerItemProxy;
			containerPortal = 03214DAA2D87F778004F65F1 /* Project object */;
			proxyType = 1;
			remoteGlobalIDString = 035DA1E92EEF6290003225F0;
			remoteInfo = "PocketBaseWatch Watch App";
		};
		035DA2082EEF6292003225F0 /* PBXContainerItemProxy */ = {
			isa = PBXContainerItemProxy;
			containerPortal = 03214DAA2D87F778004F65F1 /* Project object */;
			proxyType = 1;
			remoteGlobalIDString = 035DA1E92EEF6290003225F0;
			remoteInfo = "PocketBaseWatch Watch App";
		};
/* End PBXContainerItemProxy section */

/* Begin PBXCopyFilesBuildPhase section */
		035DA18E2EEEBBBD003225F0 /* Embed Foundation Extensions */ = {
			isa = PBXCopyFilesBuildPhase;
			buildActionMask = 2147483647;
			dstPath = "";
			dstSubfolderSpec = 13;
			files = (
				035DA1DB2EEF3CA5003225F0 /* PocketBaseWidgetsExtension.appex in Embed Foundation Extensions */,
			);
			name = "Embed Foundation Extensions";
			runOnlyForDeploymentPostprocessing = 0;
		};
		038627952E11FCAF00E37D56 /* Embed Watch Content */ = {
			isa = PBXCopyFilesBuildPhase;
			buildActionMask = 2147483647;
			dstPath = "$(CONTENTS_FOLDER_PATH)/Watch";
			dstSubfolderSpec = 16;
			files = (
				035DA20A2EEF6292003225F0 /* PocketBaseWatch Watch App.app in Embed Watch Content */,
			);
			name = "Embed Watch Content";
			runOnlyForDeploymentPostprocessing = 0;
		};
/* End PBXCopyFilesBuildPhase section */

/* Begin PBXFileReference section */
		03214DB22D87F778004F65F1 /* PocketBaseAdminApp.app */ = {isa = PBXFileReference; explicitFileType = wrapper.application; includeInIndex = 0; path = PocketBaseAdminApp.app; sourceTree = BUILT_PRODUCTS_DIR; };
		03214DC32D87F77A004F65F1 /* PocketBaseAdminAppTests.xctest */ = {isa = PBXFileReference; explicitFileType = wrapper.cfbundle; includeInIndex = 0; path = PocketBaseAdminAppTests.xctest; sourceTree = BUILT_PRODUCTS_DIR; };
		03214DCD2D87F77A004F65F1 /* PocketBaseAdminAppUITests.xctest */ = {isa = PBXFileReference; explicitFileType = wrapper.cfbundle; includeInIndex = 0; path = PocketBaseAdminAppUITests.xctest; sourceTree = BUILT_PRODUCTS_DIR; };
		035DA1792EEEBBBB003225F0 /* WidgetKit.framework */ = {isa = PBXFileReference; lastKnownFileType = wrapper.framework; name = WidgetKit.framework; path = /System/Library/Frameworks/WidgetKit.framework; sourceTree = "<absolute>"; };
		035DA17B2EEEBBBB003225F0 /* SwiftUI.framework */ = {isa = PBXFileReference; lastKnownFileType = wrapper.framework; name = SwiftUI.framework; path = /System/Library/Frameworks/SwiftUI.framework; sourceTree = "<absolute>"; };
		035DA1B22EEEBCD9003225F0 /* WidgetExtension.entitlements */ = {isa = PBXFileReference; lastKnownFileType = text.plist.entitlements; path = WidgetExtension.entitlements; sourceTree = "<group>"; };
		035DA1CC2EEF3CA3003225F0 /* PocketBaseWidgetsExtension.appex */ = {isa = PBXFileReference; explicitFileType = "wrapper.app-extension"; includeInIndex = 0; path = PocketBaseWidgetsExtension.appex; sourceTree = BUILT_PRODUCTS_DIR; };
		035DA1EA2EEF6290003225F0 /* PocketBaseWatch Watch App.app */ = {isa = PBXFileReference; explicitFileType = wrapper.application; includeInIndex = 0; path = "PocketBaseWatch Watch App.app"; sourceTree = BUILT_PRODUCTS_DIR; };
		035DA1F62EEF6292003225F0 /* PocketBaseWatch Watch AppTests.xctest */ = {isa = PBXFileReference; explicitFileType = wrapper.cfbundle; includeInIndex = 0; path = "PocketBaseWatch Watch AppTests.xctest"; sourceTree = BUILT_PRODUCTS_DIR; };
		035DA2002EEF6292003225F0 /* PocketBaseWatch Watch AppUITests.xctest */ = {isa = PBXFileReference; explicitFileType = wrapper.cfbundle; includeInIndex = 0; path = "PocketBaseWatch Watch AppUITests.xctest"; sourceTree = BUILT_PRODUCTS_DIR; };
		035DA21D2EEF6409003225F0 /* PocketBaseWidgetsExtension.entitlements */ = {isa = PBXFileReference; lastKnownFileType = text.plist.entitlements; path = PocketBaseWidgetsExtension.entitlements; sourceTree = "<group>"; };
		037F11EC2D8FE525009717C8 /* PocketBase */ = {isa = PBXFileReference; lastKnownFileType = wrapper; name = PocketBase; path = ../PocketBase; sourceTree = SOURCE_ROOT; };
		0386276A2E10C54700E37D56 /* BetterTable */ = {isa = PBXFileReference; lastKnownFileType = wrapper; name = BetterTable; path = ../BetterTable; sourceTree = SOURCE_ROOT; };
/* End PBXFileReference section */

/* Begin PBXFileSystemSynchronizedBuildFileExceptionSet section */
		035DA1DF2EEF3CA5003225F0 /* Exceptions for "PocketBaseWidgets" folder in "PocketBaseWidgetsExtension" target */ = {
			isa = PBXFileSystemSynchronizedBuildFileExceptionSet;
			membershipExceptions = (
				BackupStatusWidget.swift,
				CollectionsListWidget.swift,
				ErrorCountWidget.swift,
				Info.plist,
				QuickActionsWidget.swift,
				RecentLogsWidget.swift,
				ServerStatusWidget.swift,
				StatsWidget.swift,
				WidgetBundle.swift,
			);
			target = 035DA1CB2EEF3CA3003225F0 /* PocketBaseWidgetsExtension */;
		};
		039420342D9917DE00F7C656 /* Exceptions for "PocketBaseAdminApp" folder in "PocketBaseAdminApp" target */ = {
			isa = PBXFileSystemSynchronizedBuildFileExceptionSet;
			membershipExceptions = (
				Info.plist,
			);
			target = 03214DB12D87F778004F65F1 /* PocketBaseAdminApp */;
		};
/* End PBXFileSystemSynchronizedBuildFileExceptionSet section */

/* Begin PBXFileSystemSynchronizedRootGroup section */
		03214DB42D87F778004F65F1 /* PocketBaseAdminApp */ = {
			isa = PBXFileSystemSynchronizedRootGroup;
			exceptions = (
				039420342D9917DE00F7C656 /* Exceptions for "PocketBaseAdminApp" folder in "PocketBaseAdminApp" target */,
			);
			path = PocketBaseAdminApp;
			sourceTree = "<group>";
		};
		03214DC62D87F77A004F65F1 /* PocketBaseAdminTests */ = {
			isa = PBXFileSystemSynchronizedRootGroup;
			path = PocketBaseAdminTests;
			sourceTree = "<group>";
		};
		03214DD02D87F77A004F65F1 /* PocketBaseAdminUITests */ = {
			isa = PBXFileSystemSynchronizedRootGroup;
			path = PocketBaseAdminUITests;
			sourceTree = "<group>";
		};
		035DA1CF2EEF3CA4003225F0 /* PocketBaseWidgets */ = {
			isa = PBXFileSystemSynchronizedRootGroup;
			exceptions = (
				035DA1DF2EEF3CA5003225F0 /* Exceptions for "PocketBaseWidgets" folder in "PocketBaseWidgetsExtension" target */,
			);
			path = PocketBaseWidgets;
			sourceTree = "<group>";
		};
		035DA1EB2EEF6290003225F0 /* PocketBaseWatch Watch App */ = {
			isa = PBXFileSystemSynchronizedRootGroup;
			path = "PocketBaseWatch Watch App";
			sourceTree = "<group>";
		};
		035DA1F92EEF6292003225F0 /* PocketBaseWatch Watch AppTests */ = {
			isa = PBXFileSystemSynchronizedRootGroup;
			path = "PocketBaseWatch Watch AppTests";
			sourceTree = "<group>";
		};
		035DA2032EEF6292003225F0 /* PocketBaseWatch Watch AppUITests */ = {
			isa = PBXFileSystemSynchronizedRootGroup;
			path = "PocketBaseWatch Watch AppUITests";
			sourceTree = "<group>";
		};
		03E6B07F2E165DC600920C8F /* PocketBase Watch App */ = {
			isa = PBXFileSystemSynchronizedRootGroup;
			path = "PocketBase Watch App";
			sourceTree = "<group>";
		};
		03E6B08D2E165DC700920C8F /* PocketBase Watch AppTests */ = {
			isa = PBXFileSystemSynchronizedRootGroup;
			path = "PocketBase Watch AppTests";
			sourceTree = "<group>";
		};
		03E6B0972E165DC700920C8F /* PocketBase Watch AppUITests */ = {
			isa = PBXFileSystemSynchronizedRootGroup;
			path = "PocketBase Watch AppUITests";
			sourceTree = "<group>";
		};
/* End PBXFileSystemSynchronizedRootGroup section */

/* Begin PBXFrameworksBuildPhase section */
		03214DAF2D87F778004F65F1 /* Frameworks */ = {
			isa = PBXFrameworksBuildPhase;
			buildActionMask = 2147483647;
			files = (
				030D576F2E11FF0B000E174B /* NukeUI in Frameworks */,
				03214DE82D881386004F65F1 /* KeyPathIterable in Frameworks */,
				0386276C2E10C58900E37D56 /* BetterTable in Frameworks */,
				037F11EF2D90A587009717C8 /* PocketBaseAdmin in Frameworks */,
				03EAC97D2D92746200E85F29 /* PocketBaseUI in Frameworks */,
				035DA1712EEEBAFA003225F0 /* PocketBaseIntents in Frameworks */,
			);
			runOnlyForDeploymentPostprocessing = 0;
		};
		03214DC02D87F77A004F65F1 /* Frameworks */ = {
			isa = PBXFrameworksBuildPhase;
			buildActionMask = 2147483647;
			files = (
			);
			runOnlyForDeploymentPostprocessing = 0;
		};
		03214DCA2D87F77A004F65F1 /* Frameworks */ = {
			isa = PBXFrameworksBuildPhase;
			buildActionMask = 2147483647;
			files = (
			);
			runOnlyForDeploymentPostprocessing = 0;
		};
		035DA1C92EEF3CA3003225F0 /* Frameworks */ = {
			isa = PBXFrameworksBuildPhase;
			buildActionMask = 2147483647;
			files = (
				035DA1E52EEF3EC1003225F0 /* PocketBaseIntents in Frameworks */,
				035DA1CE2EEF3CA4003225F0 /* SwiftUI.framework in Frameworks */,
				035DA1E32EEF3EBC003225F0 /* PocketBaseAdmin in Frameworks */,
				035DA1CD2EEF3CA4003225F0 /* WidgetKit.framework in Frameworks */,
				035DA1E12EEF3EBC003225F0 /* PocketBase in Frameworks */,
			);
			runOnlyForDeploymentPostprocessing = 0;
		};
		035DA1E72EEF6290003225F0 /* Frameworks */ = {
			isa = PBXFrameworksBuildPhase;
			buildActionMask = 2147483647;
			files = (
				035DA2152EEF6320003225F0 /* PocketBase in Frameworks */,
				035DA2172EEF6320003225F0 /* PocketBaseAdmin in Frameworks */,
				035DA2192EEF6326003225F0 /* PocketBaseIntents in Frameworks */,
			);
			runOnlyForDeploymentPostprocessing = 0;
		};
		035DA1F32EEF6292003225F0 /* Frameworks */ = {
			isa = PBXFrameworksBuildPhase;
			buildActionMask = 2147483647;
			files = (
			);
			runOnlyForDeploymentPostprocessing = 0;
		};
		035DA1FD2EEF6292003225F0 /* Frameworks */ = {
			isa = PBXFrameworksBuildPhase;
			buildActionMask = 2147483647;
			files = (
			);
			runOnlyForDeploymentPostprocessing = 0;
		};
/* End PBXFrameworksBuildPhase section */

/* Begin PBXGroup section */
		03214DA92D87F778004F65F1 = {
			isa = PBXGroup;
			children = (
				035DA21D2EEF6409003225F0 /* PocketBaseWidgetsExtension.entitlements */,
				035DA1B22EEEBCD9003225F0 /* WidgetExtension.entitlements */,
				03214DB42D87F778004F65F1 /* PocketBaseAdminApp */,
				037F11EC2D8FE525009717C8 /* PocketBase */,
				0386276A2E10C54700E37D56 /* BetterTable */,
				03214DC62D87F77A004F65F1 /* PocketBaseAdminTests */,
				03214DD02D87F77A004F65F1 /* PocketBaseAdminUITests */,
				03E6B07F2E165DC600920C8F /* PocketBase Watch App */,
				03E6B08D2E165DC700920C8F /* PocketBase Watch AppTests */,
				03E6B0972E165DC700920C8F /* PocketBase Watch AppUITests */,
				035DA1CF2EEF3CA4003225F0 /* PocketBaseWidgets */,
				035DA1EB2EEF6290003225F0 /* PocketBaseWatch Watch App */,
				035DA1F92EEF6292003225F0 /* PocketBaseWatch Watch AppTests */,
				035DA2032EEF6292003225F0 /* PocketBaseWatch Watch AppUITests */,
				037F11ED2D90A587009717C8 /* Frameworks */,
				03214DB32D87F778004F65F1 /* Products */,
			);
			sourceTree = "<group>";
		};
		03214DB32D87F778004F65F1 /* Products */ = {
			isa = PBXGroup;
			children = (
				03214DB22D87F778004F65F1 /* PocketBaseAdminApp.app */,
				03214DC32D87F77A004F65F1 /* PocketBaseAdminAppTests.xctest */,
				03214DCD2D87F77A004F65F1 /* PocketBaseAdminAppUITests.xctest */,
				035DA1CC2EEF3CA3003225F0 /* PocketBaseWidgetsExtension.appex */,
				035DA1EA2EEF6290003225F0 /* PocketBaseWatch Watch App.app */,
				035DA1F62EEF6292003225F0 /* PocketBaseWatch Watch AppTests.xctest */,
				035DA2002EEF6292003225F0 /* PocketBaseWatch Watch AppUITests.xctest */,
			);
			name = Products;
			sourceTree = "<group>";
		};
		037F11ED2D90A587009717C8 /* Frameworks */ = {
			isa = PBXGroup;
			children = (
				035DA1792EEEBBBB003225F0 /* WidgetKit.framework */,
				035DA17B2EEEBBBB003225F0 /* SwiftUI.framework */,
			);
			name = Frameworks;
			sourceTree = "<group>";
		};
/* End PBXGroup section */

/* Begin PBXNativeTarget section */
		03214DB12D87F778004F65F1 /* PocketBaseAdminApp */ = {
			isa = PBXNativeTarget;
			buildConfigurationList = 03214DD72D87F77A004F65F1 /* Build configuration list for PBXNativeTarget "PocketBaseAdminApp" */;
			buildPhases = (
				03214DAE2D87F778004F65F1 /* Sources */,
				03214DAF2D87F778004F65F1 /* Frameworks */,
				03214DB02D87F778004F65F1 /* Resources */,
				038627952E11FCAF00E37D56 /* Embed Watch Content */,
				035DA18E2EEEBBBD003225F0 /* Embed Foundation Extensions */,
			);
			buildRules = (
			);
			dependencies = (
				035DA1DA2EEF3CA5003225F0 /* PBXTargetDependency */,
				035DA2092EEF6292003225F0 /* PBXTargetDependency */,
			);
			fileSystemSynchronizedGroups = (
				03214DB42D87F778004F65F1 /* PocketBaseAdminApp */,
			);
			name = PocketBaseAdminApp;
			packageProductDependencies = (
				03214DE72D881386004F65F1 /* KeyPathIterable */,
				037F11EE2D90A587009717C8 /* PocketBaseAdmin */,
				03EAC97C2D92746200E85F29 /* PocketBaseUI */,
				0386276B2E10C58900E37D56 /* BetterTable */,
				030D576E2E11FF0B000E174B /* NukeUI */,
				035DA1702EEEBAFA003225F0 /* PocketBaseIntents */,
			);
			productName = PocketBaseAdmin;
			productReference = 03214DB22D87F778004F65F1 /* PocketBaseAdminApp.app */;
			productType = "com.apple.product-type.application";
		};
		03214DC22D87F77A004F65F1 /* PocketBaseAdminAppTests */ = {
			isa = PBXNativeTarget;
			buildConfigurationList = 03214DDA2D87F77A004F65F1 /* Build configuration list for PBXNativeTarget "PocketBaseAdminAppTests" */;
			buildPhases = (
				03214DBF2D87F77A004F65F1 /* Sources */,
				03214DC02D87F77A004F65F1 /* Frameworks */,
				03214DC12D87F77A004F65F1 /* Resources */,
			);
			buildRules = (
			);
			dependencies = (
				03214DC52D87F77A004F65F1 /* PBXTargetDependency */,
			);
			fileSystemSynchronizedGroups = (
				03214DC62D87F77A004F65F1 /* PocketBaseAdminTests */,
			);
			name = PocketBaseAdminAppTests;
			packageProductDependencies = (
			);
			productName = PocketBaseAdminTests;
			productReference = 03214DC32D87F77A004F65F1 /* PocketBaseAdminAppTests.xctest */;
			productType = "com.apple.product-type.bundle.unit-test";
		};
		03214DCC2D87F77A004F65F1 /* PocketBaseAdminAppUITests */ = {
			isa = PBXNativeTarget;
			buildConfigurationList = 03214DDD2D87F77A004F65F1 /* Build configuration list for PBXNativeTarget "PocketBaseAdminAppUITests" */;
			buildPhases = (
				03214DC92D87F77A004F65F1 /* Sources */,
				03214DCA2D87F77A004F65F1 /* Frameworks */,
				03214DCB2D87F77A004F65F1 /* Resources */,
			);
			buildRules = (
			);
			dependencies = (
				03214DCF2D87F77A004F65F1 /* PBXTargetDependency */,
			);
			fileSystemSynchronizedGroups = (
				03214DD02D87F77A004F65F1 /* PocketBaseAdminUITests */,
			);
			name = PocketBaseAdminAppUITests;
			packageProductDependencies = (
			);
			productName = PocketBaseAdminUITests;
			productReference = 03214DCD2D87F77A004F65F1 /* PocketBaseAdminAppUITests.xctest */;
			productType = "com.apple.product-type.bundle.ui-testing";
		};
		035DA1CB2EEF3CA3003225F0 /* PocketBaseWidgetsExtension */ = {
			isa = PBXNativeTarget;
			buildConfigurationList = 035DA1DC2EEF3CA5003225F0 /* Build configuration list for PBXNativeTarget "PocketBaseWidgetsExtension" */;
			buildPhases = (
				035DA1C82EEF3CA3003225F0 /* Sources */,
				035DA1C92EEF3CA3003225F0 /* Frameworks */,
				035DA1CA2EEF3CA3003225F0 /* Resources */,
			);
			buildRules = (
			);
			dependencies = (
			);
			fileSystemSynchronizedGroups = (
				035DA1CF2EEF3CA4003225F0 /* PocketBaseWidgets */,
			);
			name = PocketBaseWidgetsExtension;
			packageProductDependencies = (
				035DA1E02EEF3EBC003225F0 /* PocketBase */,
				035DA1E22EEF3EBC003225F0 /* PocketBaseAdmin */,
				035DA1E42EEF3EC1003225F0 /* PocketBaseIntents */,
			);
			productName = PocketBaseWidgetsExtension;
			productReference = 035DA1CC2EEF3CA3003225F0 /* PocketBaseWidgetsExtension.appex */;
			productType = "com.apple.product-type.app-extension";
		};
		035DA1E92EEF6290003225F0 /* PocketBaseWatch Watch App */ = {
			isa = PBXNativeTarget;
			buildConfigurationList = 035DA20B2EEF6292003225F0 /* Build configuration list for PBXNativeTarget "PocketBaseWatch Watch App" */;
			buildPhases = (
				035DA1E62EEF6290003225F0 /* Sources */,
				035DA1E72EEF6290003225F0 /* Frameworks */,
				035DA1E82EEF6290003225F0 /* Resources */,
			);
			buildRules = (
			);
			dependencies = (
			);
			fileSystemSynchronizedGroups = (
				035DA1EB2EEF6290003225F0 /* PocketBaseWatch Watch App */,
			);
			name = "PocketBaseWatch Watch App";
			packageProductDependencies = (
				035DA2142EEF6320003225F0 /* PocketBase */,
				035DA2162EEF6320003225F0 /* PocketBaseAdmin */,
				035DA2182EEF6326003225F0 /* PocketBaseIntents */,
			);
			productName = "PocketBaseWatch Watch App";
			productReference = 035DA1EA2EEF6290003225F0 /* PocketBaseWatch Watch App.app */;
			productType = "com.apple.product-type.application";
		};
		035DA1F52EEF6292003225F0 /* PocketBaseWatch Watch AppTests */ = {
			isa = PBXNativeTarget;
			buildConfigurationList = 035DA20E2EEF6292003225F0 /* Build configuration list for PBXNativeTarget "PocketBaseWatch Watch AppTests" */;
			buildPhases = (
				035DA1F22EEF6292003225F0 /* Sources */,
				035DA1F32EEF6292003225F0 /* Frameworks */,
				035DA1F42EEF6292003225F0 /* Resources */,
			);
			buildRules = (
			);
			dependencies = (
				035DA1F82EEF6292003225F0 /* PBXTargetDependency */,
			);
			fileSystemSynchronizedGroups = (
				035DA1F92EEF6292003225F0 /* PocketBaseWatch Watch AppTests */,
			);
			name = "PocketBaseWatch Watch AppTests";
			packageProductDependencies = (
			);
			productName = "PocketBaseWatch Watch AppTests";
			productReference = 035DA1F62EEF6292003225F0 /* PocketBaseWatch Watch AppTests.xctest */;
			productType = "com.apple.product-type.bundle.unit-test";
		};
		035DA1FF2EEF6292003225F0 /* PocketBaseWatch Watch AppUITests */ = {
			isa = PBXNativeTarget;
			buildConfigurationList = 035DA2112EEF6292003225F0 /* Build configuration list for PBXNativeTarget "PocketBaseWatch Watch AppUITests" */;
			buildPhases = (
				035DA1FC2EEF6292003225F0 /* Sources */,
				035DA1FD2EEF6292003225F0 /* Frameworks */,
				035DA1FE2EEF6292003225F0 /* Resources */,
			);
			buildRules = (
			);
			dependencies = (
				035DA2022EEF6292003225F0 /* PBXTargetDependency */,
			);
			fileSystemSynchronizedGroups = (
				035DA2032EEF6292003225F0 /* PocketBaseWatch Watch AppUITests */,
			);
			name = "PocketBaseWatch Watch AppUITests";
			packageProductDependencies = (
			);
			productName = "PocketBaseWatch Watch AppUITests";
			productReference = 035DA2002EEF6292003225F0 /* PocketBaseWatch Watch AppUITests.xctest */;
			productType = "com.apple.product-type.bundle.ui-testing";
		};
/* End PBXNativeTarget section */

/* Begin PBXProject section */
		03214DAA2D87F778004F65F1 /* Project object */ = {
			isa = PBXProject;
			attributes = {
				BuildIndependentTargetsInParallel = 1;
				LastSwiftUpdateCheck = 2620;
				LastUpgradeCheck = 2600;
				TargetAttributes = {
					03214DB12D87F778004F65F1 = {
						CreatedOnToolsVersion = 16.2;
					};
					03214DC22D87F77A004F65F1 = {
						CreatedOnToolsVersion = 16.2;
						TestTargetID = 03214DB12D87F778004F65F1;
					};
					03214DCC2D87F77A004F65F1 = {
						CreatedOnToolsVersion = 16.2;
						TestTargetID = 03214DB12D87F778004F65F1;
					};
					035DA1CB2EEF3CA3003225F0 = {
						CreatedOnToolsVersion = 26.2;
					};
					035DA1E92EEF6290003225F0 = {
						CreatedOnToolsVersion = 26.2;
					};
					035DA1F52EEF6292003225F0 = {
						CreatedOnToolsVersion = 26.2;
						TestTargetID = 035DA1E92EEF6290003225F0;
					};
					035DA1FF2EEF6292003225F0 = {
						CreatedOnToolsVersion = 26.2;
						TestTargetID = 035DA1E92EEF6290003225F0;
					};
				};
			};
			buildConfigurationList = 03214DAD2D87F778004F65F1 /* Build configuration list for PBXProject "PocketBaseAdminApp" */;
			developmentRegion = en;
			hasScannedForEncodings = 0;
			knownRegions = (
				en,
				Base,
			);
			mainGroup = 03214DA92D87F778004F65F1;
			minimizedProjectReferenceProxies = 1;
			packageReferences = (
				03214DE02D880955004F65F1 /* XCRemoteSwiftPackageReference "pocketbase" */,
				03214DE62D881386004F65F1 /* XCRemoteSwiftPackageReference "KeyPathIterable" */,
				030D576D2E11FF0B000E174B /* XCRemoteSwiftPackageReference "Nuke" */,
				035DA16F2EEEBAFA003225F0 /* XCLocalSwiftPackageReference "PocketBaseIntents" */,
			);
			preferredProjectObjectVersion = 77;
			productRefGroup = 03214DB32D87F778004F65F1 /* Products */;
			projectDirPath = "";
			projectRoot = "";
			targets = (
				03214DB12D87F778004F65F1 /* PocketBaseAdminApp */,
				03214DC22D87F77A004F65F1 /* PocketBaseAdminAppTests */,
				03214DCC2D87F77A004F65F1 /* PocketBaseAdminAppUITests */,
				035DA1CB2EEF3CA3003225F0 /* PocketBaseWidgetsExtension */,
				035DA1E92EEF6290003225F0 /* PocketBaseWatch Watch App */,
				035DA1F52EEF6292003225F0 /* PocketBaseWatch Watch AppTests */,
				035DA1FF2EEF6292003225F0 /* PocketBaseWatch Watch AppUITests */,
			);
		};
/* End PBXProject section */

/* Begin PBXResourcesBuildPhase section */
		03214DB02D87F778004F65F1 /* Resources */ = {
			isa = PBXResourcesBuildPhase;
			buildActionMask = 2147483647;
			files = (
			);
			runOnlyForDeploymentPostprocessing = 0;
		};
		03214DC12D87F77A004F65F1 /* Resources */ = {
			isa = PBXResourcesBuildPhase;
			buildActionMask = 2147483647;
			files = (
			);
			runOnlyForDeploymentPostprocessing = 0;
		};
		03214DCB2D87F77A004F65F1 /* Resources */ = {
			isa = PBXResourcesBuildPhase;
			buildActionMask = 2147483647;
			files = (
			);
			runOnlyForDeploymentPostprocessing = 0;
		};
		035DA1CA2EEF3CA3003225F0 /* Resources */ = {
			isa = PBXResourcesBuildPhase;
			buildActionMask = 2147483647;
			files = (
			);
			runOnlyForDeploymentPostprocessing = 0;
		};
		035DA1E82EEF6290003225F0 /* Resources */ = {
			isa = PBXResourcesBuildPhase;
			buildActionMask = 2147483647;
			files = (
			);
			runOnlyForDeploymentPostprocessing = 0;
		};
		035DA1F42EEF6292003225F0 /* Resources */ = {
			isa = PBXResourcesBuildPhase;
			buildActionMask = 2147483647;
			files = (
			);
			runOnlyForDeploymentPostprocessing = 0;
		};
		035DA1FE2EEF6292003225F0 /* Resources */ = {
			isa = PBXResourcesBuildPhase;
			buildActionMask = 2147483647;
			files = (
			);
			runOnlyForDeploymentPostprocessing = 0;
		};
/* End PBXResourcesBuildPhase section */

/* Begin PBXSourcesBuildPhase section */
		03214DAE2D87F778004F65F1 /* Sources */ = {
			isa = PBXSourcesBuildPhase;
			buildActionMask = 2147483647;
			files = (
			);
			runOnlyForDeploymentPostprocessing = 0;
		};
		03214DBF2D87F77A004F65F1 /* Sources */ = {
			isa = PBXSourcesBuildPhase;
			buildActionMask = 2147483647;
			files = (
			);
			runOnlyForDeploymentPostprocessing = 0;
		};
		03214DC92D87F77A004F65F1 /* Sources */ = {
			isa = PBXSourcesBuildPhase;
			buildActionMask = 2147483647;
			files = (
			);
			runOnlyForDeploymentPostprocessing = 0;
		};
		035DA1C82EEF3CA3003225F0 /* Sources */ = {
			isa = PBXSourcesBuildPhase;
			buildActionMask = 2147483647;
			files = (
			);
			runOnlyForDeploymentPostprocessing = 0;
		};
		035DA1E62EEF6290003225F0 /* Sources */ = {
			isa = PBXSourcesBuildPhase;
			buildActionMask = 2147483647;
			files = (
			);
			runOnlyForDeploymentPostprocessing = 0;
		};
		035DA1F22EEF6292003225F0 /* Sources */ = {
			isa = PBXSourcesBuildPhase;
			buildActionMask = 2147483647;
			files = (
			);
			runOnlyForDeploymentPostprocessing = 0;
		};
		035DA1FC2EEF6292003225F0 /* Sources */ = {
			isa = PBXSourcesBuildPhase;
			buildActionMask = 2147483647;
			files = (
			);
			runOnlyForDeploymentPostprocessing = 0;
		};
/* End PBXSourcesBuildPhase section */

/* Begin PBXTargetDependency section */
		03214DC52D87F77A004F65F1 /* PBXTargetDependency */ = {
			isa = PBXTargetDependency;
			target = 03214DB12D87F778004F65F1 /* PocketBaseAdminApp */;
			targetProxy = 03214DC42D87F77A004F65F1 /* PBXContainerItemProxy */;
		};
		03214DCF2D87F77A004F65F1 /* PBXTargetDependency */ = {
			isa = PBXTargetDependency;
			target = 03214DB12D87F778004F65F1 /* PocketBaseAdminApp */;
			targetProxy = 03214DCE2D87F77A004F65F1 /* PBXContainerItemProxy */;
		};
		035DA1DA2EEF3CA5003225F0 /* PBXTargetDependency */ = {
			isa = PBXTargetDependency;
			target = 035DA1CB2EEF3CA3003225F0 /* PocketBaseWidgetsExtension */;
			targetProxy = 035DA1D92EEF3CA5003225F0 /* PBXContainerItemProxy */;
		};
		035DA1F82EEF6292003225F0 /* PBXTargetDependency */ = {
			isa = PBXTargetDependency;
			target = 035DA1E92EEF6290003225F0 /* PocketBaseWatch Watch App */;
			targetProxy = 035DA1F72EEF6292003225F0 /* PBXContainerItemProxy */;
		};
		035DA2022EEF6292003225F0 /* PBXTargetDependency */ = {
			isa = PBXTargetDependency;
			target = 035DA1E92EEF6290003225F0 /* PocketBaseWatch Watch App */;
			targetProxy = 035DA2012EEF6292003225F0 /* PBXContainerItemProxy */;
		};
		035DA2092EEF6292003225F0 /* PBXTargetDependency */ = {
			isa = PBXTargetDependency;
			platformFilter = ios;
			target = 035DA1E92EEF6290003225F0 /* PocketBaseWatch Watch App */;
			targetProxy = 035DA2082EEF6292003225F0 /* PBXContainerItemProxy */;
		};
/* End PBXTargetDependency section */

/* Begin XCBuildConfiguration section */
		03214DD52D87F77A004F65F1 /* Debug */ = {
			isa = XCBuildConfiguration;
			buildSettings = {
				ALWAYS_SEARCH_USER_PATHS = NO;
				ASSETCATALOG_COMPILER_GENERATE_SWIFT_ASSET_SYMBOL_EXTENSIONS = YES;
				CLANG_ANALYZER_NONNULL = YES;
				CLANG_ANALYZER_NUMBER_OBJECT_CONVERSION = YES_AGGRESSIVE;
				CLANG_CXX_LANGUAGE_STANDARD = "gnu++20";
				CLANG_ENABLE_MODULES = YES;
				CLANG_ENABLE_OBJC_ARC = YES;
				CLANG_ENABLE_OBJC_WEAK = YES;
				CLANG_WARN_BLOCK_CAPTURE_AUTORELEASING = YES;
				CLANG_WARN_BOOL_CONVERSION = YES;
				CLANG_WARN_COMMA = YES;
				CLANG_WARN_CONSTANT_CONVERSION = YES;
				CLANG_WARN_DEPRECATED_OBJC_IMPLEMENTATIONS = YES;
				CLANG_WARN_DIRECT_OBJC_ISA_USAGE = YES_ERROR;
				CLANG_WARN_DOCUMENTATION_COMMENTS = YES;
				CLANG_WARN_EMPTY_BODY = YES;
				CLANG_WARN_ENUM_CONVERSION = YES;
				CLANG_WARN_INFINITE_RECURSION = YES;
				CLANG_WARN_INT_CONVERSION = YES;
				CLANG_WARN_NON_LITERAL_NULL_CONVERSION = YES;
				CLANG_WARN_OBJC_IMPLICIT_RETAIN_SELF = YES;
				CLANG_WARN_OBJC_LITERAL_CONVERSION = YES;
				CLANG_WARN_OBJC_ROOT_CLASS = YES_ERROR;
				CLANG_WARN_QUOTED_INCLUDE_IN_FRAMEWORK_HEADER = YES;
				CLANG_WARN_RANGE_LOOP_ANALYSIS = YES;
				CLANG_WARN_STRICT_PROTOTYPES = YES;
				CLANG_WARN_SUSPICIOUS_MOVE = YES;
				CLANG_WARN_UNGUARDED_AVAILABILITY = YES_AGGRESSIVE;
				CLANG_WARN_UNREACHABLE_CODE = YES;
				CLANG_WARN__DUPLICATE_METHOD_MATCH = YES;
				COPY_PHASE_STRIP = NO;
				DEAD_CODE_STRIPPING = YES;
				DEBUG_INFORMATION_FORMAT = dwarf;
				DEVELOPMENT_TEAM = LU6454UVH5;
				ENABLE_STRICT_OBJC_MSGSEND = YES;
				ENABLE_TESTABILITY = YES;
				ENABLE_USER_SCRIPT_SANDBOXING = YES;
				GCC_C_LANGUAGE_STANDARD = gnu17;
				GCC_DYNAMIC_NO_PIC = NO;
				GCC_NO_COMMON_BLOCKS = YES;
				GCC_OPTIMIZATION_LEVEL = 0;
				GCC_PREPROCESSOR_DEFINITIONS = (
					"DEBUG=1",
					"$(inherited)",
				);
				GCC_WARN_64_TO_32_BIT_CONVERSION = YES;
				GCC_WARN_ABOUT_RETURN_TYPE = YES_ERROR;
				GCC_WARN_UNDECLARED_SELECTOR = YES;
				GCC_WARN_UNINITIALIZED_AUTOS = YES_AGGRESSIVE;
				GCC_WARN_UNUSED_FUNCTION = YES;
				GCC_WARN_UNUSED_VARIABLE = YES;
				LOCALIZATION_PREFERS_STRING_CATALOGS = YES;
				MTL_ENABLE_DEBUG_INFO = INCLUDE_SOURCE;
				MTL_FAST_MATH = YES;
				ONLY_ACTIVE_ARCH = YES;
				STRING_CATALOG_GENERATE_SYMBOLS = YES;
				SWIFT_ACTIVE_COMPILATION_CONDITIONS = "DEBUG $(inherited) ADMIN";
				SWIFT_OPTIMIZATION_LEVEL = "-Onone";
			};
			name = Debug;
		};
		03214DD62D87F77A004F65F1 /* Release */ = {
			isa = XCBuildConfiguration;
			buildSettings = {
				ALWAYS_SEARCH_USER_PATHS = NO;
				ASSETCATALOG_COMPILER_GENERATE_SWIFT_ASSET_SYMBOL_EXTENSIONS = YES;
				CLANG_ANALYZER_NONNULL = YES;
				CLANG_ANALYZER_NUMBER_OBJECT_CONVERSION = YES_AGGRESSIVE;
				CLANG_CXX_LANGUAGE_STANDARD = "gnu++20";
				CLANG_ENABLE_MODULES = YES;
				CLANG_ENABLE_OBJC_ARC = YES;
				CLANG_ENABLE_OBJC_WEAK = YES;
				CLANG_WARN_BLOCK_CAPTURE_AUTORELEASING = YES;
				CLANG_WARN_BOOL_CONVERSION = YES;
				CLANG_WARN_COMMA = YES;
				CLANG_WARN_CONSTANT_CONVERSION = YES;
				CLANG_WARN_DEPRECATED_OBJC_IMPLEMENTATIONS = YES;
				CLANG_WARN_DIRECT_OBJC_ISA_USAGE = YES_ERROR;
				CLANG_WARN_DOCUMENTATION_COMMENTS = YES;
				CLANG_WARN_EMPTY_BODY = YES;
				CLANG_WARN_ENUM_CONVERSION = YES;
				CLANG_WARN_INFINITE_RECURSION = YES;
				CLANG_WARN_INT_CONVERSION = YES;
				CLANG_WARN_NON_LITERAL_NULL_CONVERSION = YES;
				CLANG_WARN_OBJC_IMPLICIT_RETAIN_SELF = YES;
				CLANG_WARN_OBJC_LITERAL_CONVERSION = YES;
				CLANG_WARN_OBJC_ROOT_CLASS = YES_ERROR;
				CLANG_WARN_QUOTED_INCLUDE_IN_FRAMEWORK_HEADER = YES;
				CLANG_WARN_RANGE_LOOP_ANALYSIS = YES;
				CLANG_WARN_STRICT_PROTOTYPES = YES;
				CLANG_WARN_SUSPICIOUS_MOVE = YES;
				CLANG_WARN_UNGUARDED_AVAILABILITY = YES_AGGRESSIVE;
				CLANG_WARN_UNREACHABLE_CODE = YES;
				CLANG_WARN__DUPLICATE_METHOD_MATCH = YES;
				COPY_PHASE_STRIP = NO;
				DEAD_CODE_STRIPPING = YES;
				DEBUG_INFORMATION_FORMAT = "dwarf-with-dsym";
				DEVELOPMENT_TEAM = LU6454UVH5;
				ENABLE_NS_ASSERTIONS = NO;
				ENABLE_STRICT_OBJC_MSGSEND = YES;
				ENABLE_USER_SCRIPT_SANDBOXING = YES;
				GCC_C_LANGUAGE_STANDARD = gnu17;
				GCC_NO_COMMON_BLOCKS = YES;
				GCC_WARN_64_TO_32_BIT_CONVERSION = YES;
				GCC_WARN_ABOUT_RETURN_TYPE = YES_ERROR;
				GCC_WARN_UNDECLARED_SELECTOR = YES;
				GCC_WARN_UNINITIALIZED_AUTOS = YES_AGGRESSIVE;
				GCC_WARN_UNUSED_FUNCTION = YES;
				GCC_WARN_UNUSED_VARIABLE = YES;
				LOCALIZATION_PREFERS_STRING_CATALOGS = YES;
				MTL_ENABLE_DEBUG_INFO = NO;
				MTL_FAST_MATH = YES;
				STRING_CATALOG_GENERATE_SYMBOLS = YES;
				SWIFT_ACTIVE_COMPILATION_CONDITIONS = ADMIN;
				SWIFT_COMPILATION_MODE = wholemodule;
			};
			name = Release;
		};
		03214DD82D87F77A004F65F1 /* Debug */ = {
			isa = XCBuildConfiguration;
			buildSettings = {
				ASSETCATALOG_COMPILER_APPICON_NAME = AppIcon;
				ASSETCATALOG_COMPILER_GLOBAL_ACCENT_COLOR_NAME = AccentColor;
				CODE_SIGN_ENTITLEMENTS = PocketBaseAdminApp/PocketBaseAdmin.entitlements;
				"CODE_SIGN_IDENTITY[sdk=macosx*]" = "Apple Development";
				CODE_SIGN_STYLE = Automatic;
				CURRENT_PROJECT_VERSION = 1;
				DEAD_CODE_STRIPPING = YES;
				DEVELOPMENT_ASSET_PATHS = "\"PocketBaseAdminApp/Preview Content\"";
				ENABLE_APP_SANDBOX = YES;
				ENABLE_HARDENED_RUNTIME = YES;
				ENABLE_OUTGOING_NETWORK_CONNECTIONS = YES;
				ENABLE_PREVIEWS = YES;
				ENABLE_USER_SELECTED_FILES = readonly;
				GENERATE_INFOPLIST_FILE = YES;
				INFOPLIST_FILE = PocketBaseAdminApp/Info.plist;
				INFOPLIST_KEY_CFBundleDisplayName = Admin;
				"INFOPLIST_KEY_UIApplicationSceneManifest_Generation[sdk=iphoneos*]" = YES;
				"INFOPLIST_KEY_UIApplicationSceneManifest_Generation[sdk=iphonesimulator*]" = YES;
				"INFOPLIST_KEY_UIApplicationSupportsIndirectInputEvents[sdk=iphoneos*]" = YES;
				"INFOPLIST_KEY_UIApplicationSupportsIndirectInputEvents[sdk=iphonesimulator*]" = YES;
				"INFOPLIST_KEY_UILaunchScreen_Generation[sdk=iphoneos*]" = YES;
				"INFOPLIST_KEY_UILaunchScreen_Generation[sdk=iphonesimulator*]" = YES;
				"INFOPLIST_KEY_UIStatusBarStyle[sdk=iphoneos*]" = UIStatusBarStyleDefault;
				"INFOPLIST_KEY_UIStatusBarStyle[sdk=iphonesimulator*]" = UIStatusBarStyleDefault;
				INFOPLIST_KEY_UISupportedInterfaceOrientations_iPad = "UIInterfaceOrientationPortrait UIInterfaceOrientationPortraitUpsideDown UIInterfaceOrientationLandscapeLeft UIInterfaceOrientationLandscapeRight";
				INFOPLIST_KEY_UISupportedInterfaceOrientations_iPhone = "UIInterfaceOrientationPortrait UIInterfaceOrientationLandscapeLeft UIInterfaceOrientationLandscapeRight";
				IPHONEOS_DEPLOYMENT_TARGET = 26.0;
				LD_RUNPATH_SEARCH_PATHS = "@executable_path/Frameworks";
				"LD_RUNPATH_SEARCH_PATHS[sdk=macosx*]" = "@executable_path/../Frameworks";
				MACOSX_DEPLOYMENT_TARGET = 26.0;
				MARKETING_VERSION = 1.0;
				PRODUCT_BUNDLE_IDENTIFIER = com.briannadoubt.PocketBaseAdmin;
				PRODUCT_NAME = "$(TARGET_NAME)";
				REGISTER_APP_GROUPS = YES;
				SDKROOT = auto;
				SUPPORTED_PLATFORMS = "appletvos appletvsimulator iphoneos iphonesimulator macosx xros xrsimulator";
				SUPPORTS_MACCATALYST = NO;
				SWIFT_APPROACHABLE_CONCURRENCY = YES;
				SWIFT_DEFAULT_ACTOR_ISOLATION = MainActor;
				SWIFT_EMIT_LOC_STRINGS = YES;
				SWIFT_STRICT_MEMORY_SAFETY = YES;
				SWIFT_VERSION = 6.0;
				TARGETED_DEVICE_FAMILY = "1,2,3,7";
				TVOS_DEPLOYMENT_TARGET = 26.0;
				XROS_DEPLOYMENT_TARGET = 26.0;
			};
			name = Debug;
		};
		03214DD92D87F77A004F65F1 /* Release */ = {
			isa = XCBuildConfiguration;
			buildSettings = {
				ASSETCATALOG_COMPILER_APPICON_NAME = AppIcon;
				ASSETCATALOG_COMPILER_GLOBAL_ACCENT_COLOR_NAME = AccentColor;
				CODE_SIGN_ENTITLEMENTS = PocketBaseAdminApp/PocketBaseAdmin.entitlements;
				"CODE_SIGN_IDENTITY[sdk=macosx*]" = "Apple Development";
				CODE_SIGN_STYLE = Automatic;
				CURRENT_PROJECT_VERSION = 1;
				DEAD_CODE_STRIPPING = YES;
				DEVELOPMENT_ASSET_PATHS = "\"PocketBaseAdminApp/Preview Content\"";
				ENABLE_APP_SANDBOX = YES;
				ENABLE_HARDENED_RUNTIME = YES;
				ENABLE_OUTGOING_NETWORK_CONNECTIONS = YES;
				ENABLE_PREVIEWS = YES;
				ENABLE_USER_SELECTED_FILES = readonly;
				GENERATE_INFOPLIST_FILE = YES;
				INFOPLIST_FILE = PocketBaseAdminApp/Info.plist;
				INFOPLIST_KEY_CFBundleDisplayName = Admin;
				"INFOPLIST_KEY_UIApplicationSceneManifest_Generation[sdk=iphoneos*]" = YES;
				"INFOPLIST_KEY_UIApplicationSceneManifest_Generation[sdk=iphonesimulator*]" = YES;
				"INFOPLIST_KEY_UIApplicationSupportsIndirectInputEvents[sdk=iphoneos*]" = YES;
				"INFOPLIST_KEY_UIApplicationSupportsIndirectInputEvents[sdk=iphonesimulator*]" = YES;
				"INFOPLIST_KEY_UILaunchScreen_Generation[sdk=iphoneos*]" = YES;
				"INFOPLIST_KEY_UILaunchScreen_Generation[sdk=iphonesimulator*]" = YES;
				"INFOPLIST_KEY_UIStatusBarStyle[sdk=iphoneos*]" = UIStatusBarStyleDefault;
				"INFOPLIST_KEY_UIStatusBarStyle[sdk=iphonesimulator*]" = UIStatusBarStyleDefault;
				INFOPLIST_KEY_UISupportedInterfaceOrientations_iPad = "UIInterfaceOrientationPortrait UIInterfaceOrientationPortraitUpsideDown UIInterfaceOrientationLandscapeLeft UIInterfaceOrientationLandscapeRight";
				INFOPLIST_KEY_UISupportedInterfaceOrientations_iPhone = "UIInterfaceOrientationPortrait UIInterfaceOrientationLandscapeLeft UIInterfaceOrientationLandscapeRight";
				IPHONEOS_DEPLOYMENT_TARGET = 26.0;
				LD_RUNPATH_SEARCH_PATHS = "@executable_path/Frameworks";
				"LD_RUNPATH_SEARCH_PATHS[sdk=macosx*]" = "@executable_path/../Frameworks";
				MACOSX_DEPLOYMENT_TARGET = 26.0;
				MARKETING_VERSION = 1.0;
				PRODUCT_BUNDLE_IDENTIFIER = com.briannadoubt.PocketBaseAdmin;
				PRODUCT_NAME = "$(TARGET_NAME)";
				REGISTER_APP_GROUPS = YES;
				SDKROOT = auto;
				SUPPORTED_PLATFORMS = "appletvos appletvsimulator iphoneos iphonesimulator macosx xros xrsimulator";
				SUPPORTS_MACCATALYST = NO;
				SWIFT_APPROACHABLE_CONCURRENCY = YES;
				SWIFT_DEFAULT_ACTOR_ISOLATION = MainActor;
				SWIFT_EMIT_LOC_STRINGS = YES;
				SWIFT_STRICT_MEMORY_SAFETY = YES;
				SWIFT_VERSION = 6.0;
				TARGETED_DEVICE_FAMILY = "1,2,3,7";
				TVOS_DEPLOYMENT_TARGET = 26.0;
				XROS_DEPLOYMENT_TARGET = 26.0;
			};
			name = Release;
		};
		03214DDB2D87F77A004F65F1 /* Debug */ = {
			isa = XCBuildConfiguration;
			buildSettings = {
				BUNDLE_LOADER = "$(TEST_HOST)";
				CODE_SIGN_STYLE = Automatic;
				CURRENT_PROJECT_VERSION = 1;
				DEAD_CODE_STRIPPING = YES;
				GENERATE_INFOPLIST_FILE = YES;
				IPHONEOS_DEPLOYMENT_TARGET = 18.2;
				MACOSX_DEPLOYMENT_TARGET = 15.2;
				MARKETING_VERSION = 1.0;
				PRODUCT_BUNDLE_IDENTIFIER = com.briannadoubt.PocketBaseAdminTests;
				PRODUCT_NAME = "$(TARGET_NAME)";
				SDKROOT = auto;
				SUPPORTED_PLATFORMS = "iphoneos iphonesimulator macosx xros xrsimulator";
				SWIFT_EMIT_LOC_STRINGS = NO;
				SWIFT_VERSION = 5.0;
				TARGETED_DEVICE_FAMILY = "1,2,7";
				TEST_HOST = "$(BUILT_PRODUCTS_DIR)/PocketBaseAdminApp.app/$(BUNDLE_EXECUTABLE_FOLDER_PATH)/PocketBaseAdminApp";
				XROS_DEPLOYMENT_TARGET = 2.2;
			};
			name = Debug;
		};
		03214DDC2D87F77A004F65F1 /* Release */ = {
			isa = XCBuildConfiguration;
			buildSettings = {
				BUNDLE_LOADER = "$(TEST_HOST)";
				CODE_SIGN_STYLE = Automatic;
				CURRENT_PROJECT_VERSION = 1;
				DEAD_CODE_STRIPPING = YES;
				GENERATE_INFOPLIST_FILE = YES;
				IPHONEOS_DEPLOYMENT_TARGET = 18.2;
				MACOSX_DEPLOYMENT_TARGET = 15.2;
				MARKETING_VERSION = 1.0;
				PRODUCT_BUNDLE_IDENTIFIER = com.briannadoubt.PocketBaseAdminTests;
				PRODUCT_NAME = "$(TARGET_NAME)";
				SDKROOT = auto;
				SUPPORTED_PLATFORMS = "iphoneos iphonesimulator macosx xros xrsimulator";
				SWIFT_EMIT_LOC_STRINGS = NO;
				SWIFT_VERSION = 5.0;
				TARGETED_DEVICE_FAMILY = "1,2,7";
				TEST_HOST = "$(BUILT_PRODUCTS_DIR)/PocketBaseAdminApp.app/$(BUNDLE_EXECUTABLE_FOLDER_PATH)/PocketBaseAdminApp";
				XROS_DEPLOYMENT_TARGET = 2.2;
			};
			name = Release;
		};
		03214DDE2D87F77A004F65F1 /* Debug */ = {
			isa = XCBuildConfiguration;
			buildSettings = {
				CODE_SIGN_STYLE = Automatic;
				CURRENT_PROJECT_VERSION = 1;
				DEAD_CODE_STRIPPING = YES;
				GENERATE_INFOPLIST_FILE = YES;
				IPHONEOS_DEPLOYMENT_TARGET = 18.2;
				MACOSX_DEPLOYMENT_TARGET = 15.2;
				MARKETING_VERSION = 1.0;
				PRODUCT_BUNDLE_IDENTIFIER = com.briannadoubt.PocketBaseAdminUITests;
				PRODUCT_NAME = "$(TARGET_NAME)";
				SDKROOT = auto;
				SUPPORTED_PLATFORMS = "iphoneos iphonesimulator macosx xros xrsimulator";
				SWIFT_EMIT_LOC_STRINGS = NO;
				SWIFT_VERSION = 5.0;
				TARGETED_DEVICE_FAMILY = "1,2,7";
				TEST_TARGET_NAME = PocketBaseAdmin;
				XROS_DEPLOYMENT_TARGET = 2.2;
			};
			name = Debug;
		};
		03214DDF2D87F77A004F65F1 /* Release */ = {
			isa = XCBuildConfiguration;
			buildSettings = {
				CODE_SIGN_STYLE = Automatic;
				CURRENT_PROJECT_VERSION = 1;
				DEAD_CODE_STRIPPING = YES;
				GENERATE_INFOPLIST_FILE = YES;
				IPHONEOS_DEPLOYMENT_TARGET = 18.2;
				MACOSX_DEPLOYMENT_TARGET = 15.2;
				MARKETING_VERSION = 1.0;
				PRODUCT_BUNDLE_IDENTIFIER = com.briannadoubt.PocketBaseAdminUITests;
				PRODUCT_NAME = "$(TARGET_NAME)";
				SDKROOT = auto;
				SUPPORTED_PLATFORMS = "iphoneos iphonesimulator macosx xros xrsimulator";
				SWIFT_EMIT_LOC_STRINGS = NO;
				SWIFT_VERSION = 5.0;
				TARGETED_DEVICE_FAMILY = "1,2,7";
				TEST_TARGET_NAME = PocketBaseAdmin;
				XROS_DEPLOYMENT_TARGET = 2.2;
			};
			name = Release;
		};
		035DA1DD2EEF3CA5003225F0 /* Debug */ = {
			isa = XCBuildConfiguration;
			buildSettings = {
				ASSETCATALOG_COMPILER_GLOBAL_ACCENT_COLOR_NAME = AccentColor;
				ASSETCATALOG_COMPILER_WIDGET_BACKGROUND_COLOR_NAME = WidgetBackground;
				CODE_SIGN_ENTITLEMENTS = PocketBaseWidgetsExtension.entitlements;
				CODE_SIGN_STYLE = Automatic;
				CURRENT_PROJECT_VERSION = 1;
				ENABLE_APP_SANDBOX = YES;
				ENABLE_HARDENED_RUNTIME = YES;
				ENABLE_INCOMING_NETWORK_CONNECTIONS = NO;
				ENABLE_OUTGOING_NETWORK_CONNECTIONS = YES;
				ENABLE_RESOURCE_ACCESS_AUDIO_INPUT = NO;
				ENABLE_RESOURCE_ACCESS_BLUETOOTH = NO;
				ENABLE_RESOURCE_ACCESS_CALENDARS = NO;
				ENABLE_RESOURCE_ACCESS_CAMERA = NO;
				ENABLE_RESOURCE_ACCESS_CONTACTS = NO;
				ENABLE_RESOURCE_ACCESS_LOCATION = NO;
				ENABLE_RESOURCE_ACCESS_PRINTING = NO;
				ENABLE_RESOURCE_ACCESS_USB = NO;
				GENERATE_INFOPLIST_FILE = YES;
				INFOPLIST_FILE = PocketBaseWidgets/Info.plist;
				INFOPLIST_KEY_CFBundleDisplayName = PocketBaseWidgets;
				INFOPLIST_KEY_NSHumanReadableCopyright = "";
				IPHONEOS_DEPLOYMENT_TARGET = 26.2;
				LD_RUNPATH_SEARCH_PATHS = (
					"$(inherited)",
					"@executable_path/Frameworks",
					"@executable_path/../../Frameworks",
				);
				"LD_RUNPATH_SEARCH_PATHS[sdk=macosx*]" = (
					"$(inherited)",
					"@executable_path/../Frameworks",
					"@executable_path/../../../../Frameworks",
				);
				MACOSX_DEPLOYMENT_TARGET = 26.1;
				MARKETING_VERSION = 1.0;
				PRODUCT_BUNDLE_IDENTIFIER = com.briannadoubt.PocketBaseAdmin.Widgets;
				PRODUCT_NAME = "$(TARGET_NAME)";
				REGISTER_APP_GROUPS = YES;
				SDKROOT = auto;
				SKIP_INSTALL = YES;
				STRING_CATALOG_GENERATE_SYMBOLS = YES;
				SUPPORTED_PLATFORMS = "iphoneos iphonesimulator macosx xros xrsimulator";
				SWIFT_ACTIVE_COMPILATION_CONDITIONS = "DEBUG $(inherited)";
				SWIFT_APPROACHABLE_CONCURRENCY = YES;
				SWIFT_EMIT_LOC_STRINGS = YES;
				SWIFT_UPCOMING_FEATURE_MEMBER_IMPORT_VISIBILITY = YES;
				SWIFT_VERSION = 5.0;
				TARGETED_DEVICE_FAMILY = "1,2,7";
				XROS_DEPLOYMENT_TARGET = 26.2;
			};
			name = Debug;
		};
		035DA1DE2EEF3CA5003225F0 /* Release */ = {
			isa = XCBuildConfiguration;
			buildSettings = {
				ASSETCATALOG_COMPILER_GLOBAL_ACCENT_COLOR_NAME = AccentColor;
				ASSETCATALOG_COMPILER_WIDGET_BACKGROUND_COLOR_NAME = WidgetBackground;
				CODE_SIGN_ENTITLEMENTS = PocketBaseWidgetsExtension.entitlements;
				CODE_SIGN_STYLE = Automatic;
				CURRENT_PROJECT_VERSION = 1;
				ENABLE_APP_SANDBOX = YES;
				ENABLE_HARDENED_RUNTIME = YES;
				ENABLE_INCOMING_NETWORK_CONNECTIONS = NO;
				ENABLE_OUTGOING_NETWORK_CONNECTIONS = YES;
				ENABLE_RESOURCE_ACCESS_AUDIO_INPUT = NO;
				ENABLE_RESOURCE_ACCESS_BLUETOOTH = NO;
				ENABLE_RESOURCE_ACCESS_CALENDARS = NO;
				ENABLE_RESOURCE_ACCESS_CAMERA = NO;
				ENABLE_RESOURCE_ACCESS_CONTACTS = NO;
				ENABLE_RESOURCE_ACCESS_LOCATION = NO;
				ENABLE_RESOURCE_ACCESS_PRINTING = NO;
				ENABLE_RESOURCE_ACCESS_USB = NO;
				GENERATE_INFOPLIST_FILE = YES;
				INFOPLIST_FILE = PocketBaseWidgets/Info.plist;
				INFOPLIST_KEY_CFBundleDisplayName = PocketBaseWidgets;
				INFOPLIST_KEY_NSHumanReadableCopyright = "";
				IPHONEOS_DEPLOYMENT_TARGET = 26.2;
				LD_RUNPATH_SEARCH_PATHS = (
					"$(inherited)",
					"@executable_path/Frameworks",
					"@executable_path/../../Frameworks",
				);
				"LD_RUNPATH_SEARCH_PATHS[sdk=macosx*]" = (
					"$(inherited)",
					"@executable_path/../Frameworks",
					"@executable_path/../../../../Frameworks",
				);
				MACOSX_DEPLOYMENT_TARGET = 26.1;
				MARKETING_VERSION = 1.0;
				PRODUCT_BUNDLE_IDENTIFIER = com.briannadoubt.PocketBaseAdmin.Widgets;
				PRODUCT_NAME = "$(TARGET_NAME)";
				REGISTER_APP_GROUPS = YES;
				SDKROOT = auto;
				SKIP_INSTALL = YES;
				STRING_CATALOG_GENERATE_SYMBOLS = YES;
				SUPPORTED_PLATFORMS = "iphoneos iphonesimulator macosx xros xrsimulator";
				SWIFT_APPROACHABLE_CONCURRENCY = YES;
				SWIFT_EMIT_LOC_STRINGS = YES;
				SWIFT_UPCOMING_FEATURE_MEMBER_IMPORT_VISIBILITY = YES;
				SWIFT_VERSION = 5.0;
				TARGETED_DEVICE_FAMILY = "1,2,7";
				XROS_DEPLOYMENT_TARGET = 26.2;
			};
			name = Release;
		};
		035DA20C2EEF6292003225F0 /* Debug */ = {
			isa = XCBuildConfiguration;
			buildSettings = {
				ASSETCATALOG_COMPILER_APPICON_NAME = AppIcon;
				ASSETCATALOG_COMPILER_GLOBAL_ACCENT_COLOR_NAME = AccentColor;
				CODE_SIGN_ENTITLEMENTS = "PocketBaseWatch Watch App/PocketBaseWatch Watch App.entitlements";
				CODE_SIGN_STYLE = Automatic;
				CURRENT_PROJECT_VERSION = 1;
				ENABLE_PREVIEWS = YES;
				GENERATE_INFOPLIST_FILE = YES;
				INFOPLIST_FILE = "PocketBaseWatch-Watch-App-Info.plist";
				INFOPLIST_KEY_CFBundleDisplayName = PocketBaseWatch;
				INFOPLIST_KEY_UISupportedInterfaceOrientations = "UIInterfaceOrientationPortrait UIInterfaceOrientationPortraitUpsideDown";
				INFOPLIST_KEY_WKCompanionAppBundleIdentifier = com.briannadoubt.PocketBaseAdmin;
				INFOPLIST_KEY_WKRunsIndependentlyOfCompanionApp = YES;
				LD_RUNPATH_SEARCH_PATHS = (
					"$(inherited)",
					"@executable_path/Frameworks",
				);
				MARKETING_VERSION = 1.0;
				PRODUCT_BUNDLE_IDENTIFIER = com.briannadoubt.PocketBaseAdmin.watchkitapp;
				PRODUCT_NAME = "$(TARGET_NAME)";
				SDKROOT = watchos;
				SKIP_INSTALL = YES;
				STRING_CATALOG_GENERATE_SYMBOLS = YES;
				SWIFT_ACTIVE_COMPILATION_CONDITIONS = "DEBUG $(inherited)";
				SWIFT_APPROACHABLE_CONCURRENCY = YES;
				SWIFT_DEFAULT_ACTOR_ISOLATION = MainActor;
				SWIFT_EMIT_LOC_STRINGS = YES;
				SWIFT_UPCOMING_FEATURE_MEMBER_IMPORT_VISIBILITY = YES;
				SWIFT_VERSION = 5.0;
				TARGETED_DEVICE_FAMILY = 4;
				WATCHOS_DEPLOYMENT_TARGET = 26.2;
			};
			name = Debug;
		};
		035DA20D2EEF6292003225F0 /* Release */ = {
			isa = XCBuildConfiguration;
			buildSettings = {
				ASSETCATALOG_COMPILER_APPICON_NAME = AppIcon;
				ASSETCATALOG_COMPILER_GLOBAL_ACCENT_COLOR_NAME = AccentColor;
				CODE_SIGN_ENTITLEMENTS = "PocketBaseWatch Watch App/PocketBaseWatch Watch App.entitlements";
				CODE_SIGN_STYLE = Automatic;
				CURRENT_PROJECT_VERSION = 1;
				ENABLE_PREVIEWS = YES;
				GENERATE_INFOPLIST_FILE = YES;
				INFOPLIST_FILE = "PocketBaseWatch-Watch-App-Info.plist";
				INFOPLIST_KEY_CFBundleDisplayName = PocketBaseWatch;
				INFOPLIST_KEY_UISupportedInterfaceOrientations = "UIInterfaceOrientationPortrait UIInterfaceOrientationPortraitUpsideDown";
				INFOPLIST_KEY_WKCompanionAppBundleIdentifier = com.briannadoubt.PocketBaseAdmin;
				INFOPLIST_KEY_WKRunsIndependentlyOfCompanionApp = YES;
				LD_RUNPATH_SEARCH_PATHS = (
					"$(inherited)",
					"@executable_path/Frameworks",
				);
				MARKETING_VERSION = 1.0;
				PRODUCT_BUNDLE_IDENTIFIER = com.briannadoubt.PocketBaseAdmin.watchkitapp;
				PRODUCT_NAME = "$(TARGET_NAME)";
				SDKROOT = watchos;
				SKIP_INSTALL = YES;
				STRING_CATALOG_GENERATE_SYMBOLS = YES;
				SWIFT_APPROACHABLE_CONCURRENCY = YES;
				SWIFT_DEFAULT_ACTOR_ISOLATION = MainActor;
				SWIFT_EMIT_LOC_STRINGS = YES;
				SWIFT_UPCOMING_FEATURE_MEMBER_IMPORT_VISIBILITY = YES;
				SWIFT_VERSION = 5.0;
				TARGETED_DEVICE_FAMILY = 4;
				VALIDATE_PRODUCT = YES;
				WATCHOS_DEPLOYMENT_TARGET = 26.2;
			};
			name = Release;
		};
		035DA20F2EEF6292003225F0 /* Debug */ = {
			isa = XCBuildConfiguration;
			buildSettings = {
				BUNDLE_LOADER = "$(TEST_HOST)";
				CODE_SIGN_STYLE = Automatic;
				CURRENT_PROJECT_VERSION = 1;
				DEVELOPMENT_TEAM = LU6454UVH5;
				GENERATE_INFOPLIST_FILE = YES;
				MARKETING_VERSION = 1.0;
				PRODUCT_BUNDLE_IDENTIFIER = "com.briannadoubt.PocketBaseAdmin.PocketBaseWatch-Watch-AppTests";
				PRODUCT_NAME = "$(TARGET_NAME)";
				SDKROOT = watchos;
				STRING_CATALOG_GENERATE_SYMBOLS = NO;
				SWIFT_ACTIVE_COMPILATION_CONDITIONS = "DEBUG $(inherited)";
				SWIFT_APPROACHABLE_CONCURRENCY = YES;
				SWIFT_EMIT_LOC_STRINGS = NO;
				SWIFT_UPCOMING_FEATURE_MEMBER_IMPORT_VISIBILITY = YES;
				SWIFT_VERSION = 5.0;
				TARGETED_DEVICE_FAMILY = 4;
				TEST_HOST = "$(BUILT_PRODUCTS_DIR)/PocketBaseWatch Watch App.app/$(BUNDLE_EXECUTABLE_FOLDER_PATH)/PocketBaseWatch Watch App";
				WATCHOS_DEPLOYMENT_TARGET = 26.2;
			};
			name = Debug;
		};
		035DA2102EEF6292003225F0 /* Release */ = {
			isa = XCBuildConfiguration;
			buildSettings = {
				BUNDLE_LOADER = "$(TEST_HOST)";
				CODE_SIGN_STYLE = Automatic;
				CURRENT_PROJECT_VERSION = 1;
				DEVELOPMENT_TEAM = LU6454UVH5;
				GENERATE_INFOPLIST_FILE = YES;
				MARKETING_VERSION = 1.0;
				PRODUCT_BUNDLE_IDENTIFIER = "com.briannadoubt.PocketBaseAdmin.PocketBaseWatch-Watch-AppTests";
				PRODUCT_NAME = "$(TARGET_NAME)";
				SDKROOT = watchos;
				STRING_CATALOG_GENERATE_SYMBOLS = NO;
				SWIFT_APPROACHABLE_CONCURRENCY = YES;
				SWIFT_EMIT_LOC_STRINGS = NO;
				SWIFT_UPCOMING_FEATURE_MEMBER_IMPORT_VISIBILITY = YES;
				SWIFT_VERSION = 5.0;
				TARGETED_DEVICE_FAMILY = 4;
				TEST_HOST = "$(BUILT_PRODUCTS_DIR)/PocketBaseWatch Watch App.app/$(BUNDLE_EXECUTABLE_FOLDER_PATH)/PocketBaseWatch Watch App";
				VALIDATE_PRODUCT = YES;
				WATCHOS_DEPLOYMENT_TARGET = 26.2;
			};
			name = Release;
		};
		035DA2122EEF6292003225F0 /* Debug */ = {
			isa = XCBuildConfiguration;
			buildSettings = {
				CODE_SIGN_STYLE = Automatic;
				CURRENT_PROJECT_VERSION = 1;
				DEVELOPMENT_TEAM = LU6454UVH5;
				GENERATE_INFOPLIST_FILE = YES;
				MARKETING_VERSION = 1.0;
				PRODUCT_BUNDLE_IDENTIFIER = "com.briannadoubt.PocketBaseAdmin.PocketBaseWatch-Watch-AppUITests";
				PRODUCT_NAME = "$(TARGET_NAME)";
				SDKROOT = watchos;
				STRING_CATALOG_GENERATE_SYMBOLS = NO;
				SWIFT_ACTIVE_COMPILATION_CONDITIONS = "DEBUG $(inherited)";
				SWIFT_APPROACHABLE_CONCURRENCY = YES;
				SWIFT_EMIT_LOC_STRINGS = NO;
				SWIFT_UPCOMING_FEATURE_MEMBER_IMPORT_VISIBILITY = YES;
				SWIFT_VERSION = 5.0;
				TARGETED_DEVICE_FAMILY = 4;
				TEST_TARGET_NAME = "PocketBaseWatch Watch App";
				WATCHOS_DEPLOYMENT_TARGET = 26.2;
			};
			name = Debug;
		};
		035DA2132EEF6292003225F0 /* Release */ = {
			isa = XCBuildConfiguration;
			buildSettings = {
				CODE_SIGN_STYLE = Automatic;
				CURRENT_PROJECT_VERSION = 1;
				DEVELOPMENT_TEAM = LU6454UVH5;
				GENERATE_INFOPLIST_FILE = YES;
				MARKETING_VERSION = 1.0;
				PRODUCT_BUNDLE_IDENTIFIER = "com.briannadoubt.PocketBaseAdmin.PocketBaseWatch-Watch-AppUITests";
				PRODUCT_NAME = "$(TARGET_NAME)";
				SDKROOT = watchos;
				STRING_CATALOG_GENERATE_SYMBOLS = NO;
				SWIFT_APPROACHABLE_CONCURRENCY = YES;
				SWIFT_EMIT_LOC_STRINGS = NO;
				SWIFT_UPCOMING_FEATURE_MEMBER_IMPORT_VISIBILITY = YES;
				SWIFT_VERSION = 5.0;
				TARGETED_DEVICE_FAMILY = 4;
				TEST_TARGET_NAME = "PocketBaseWatch Watch App";
				VALIDATE_PRODUCT = YES;
				WATCHOS_DEPLOYMENT_TARGET = 26.2;
			};
			name = Release;
		};
/* End XCBuildConfiguration section */

/* Begin XCConfigurationList section */
		03214DAD2D87F778004F65F1 /* Build configuration list for PBXProject "PocketBaseAdminApp" */ = {
			isa = XCConfigurationList;
			buildConfigurations = (
				03214DD52D87F77A004F65F1 /* Debug */,
				03214DD62D87F77A004F65F1 /* Release */,
			);
			defaultConfigurationIsVisible = 0;
			defaultConfigurationName = Release;
		};
		03214DD72D87F77A004F65F1 /* Build configuration list for PBXNativeTarget "PocketBaseAdminApp" */ = {
			isa = XCConfigurationList;
			buildConfigurations = (
				03214DD82D87F77A004F65F1 /* Debug */,
				03214DD92D87F77A004F65F1 /* Release */,
			);
			defaultConfigurationIsVisible = 0;
			defaultConfigurationName = Release;
		};
		03214DDA2D87F77A004F65F1 /* Build configuration list for PBXNativeTarget "PocketBaseAdminAppTests" */ = {
			isa = XCConfigurationList;
			buildConfigurations = (
				03214DDB2D87F77A004F65F1 /* Debug */,
				03214DDC2D87F77A004F65F1 /* Release */,
			);
			defaultConfigurationIsVisible = 0;
			defaultConfigurationName = Release;
		};
		03214DDD2D87F77A004F65F1 /* Build configuration list for PBXNativeTarget "PocketBaseAdminAppUITests" */ = {
			isa = XCConfigurationList;
			buildConfigurations = (
				03214DDE2D87F77A004F65F1 /* Debug */,
				03214DDF2D87F77A004F65F1 /* Release */,
			);
			defaultConfigurationIsVisible = 0;
			defaultConfigurationName = Release;
		};
		035DA1DC2EEF3CA5003225F0 /* Build configuration list for PBXNativeTarget "PocketBaseWidgetsExtension" */ = {
			isa = XCConfigurationList;
			buildConfigurations = (
				035DA1DD2EEF3CA5003225F0 /* Debug */,
				035DA1DE2EEF3CA5003225F0 /* Release */,
			);
			defaultConfigurationIsVisible = 0;
			defaultConfigurationName = Release;
		};
		035DA20B2EEF6292003225F0 /* Build configuration list for PBXNativeTarget "PocketBaseWatch Watch App" */ = {
			isa = XCConfigurationList;
			buildConfigurations = (
				035DA20C2EEF6292003225F0 /* Debug */,
				035DA20D2EEF6292003225F0 /* Release */,
			);
			defaultConfigurationIsVisible = 0;
			defaultConfigurationName = Release;
		};
		035DA20E2EEF6292003225F0 /* Build configuration list for PBXNativeTarget "PocketBaseWatch Watch AppTests" */ = {
			isa = XCConfigurationList;
			buildConfigurations = (
				035DA20F2EEF6292003225F0 /* Debug */,
				035DA2102EEF6292003225F0 /* Release */,
			);
			defaultConfigurationIsVisible = 0;
			defaultConfigurationName = Release;
		};
		035DA2112EEF6292003225F0 /* Build configuration list for PBXNativeTarget "PocketBaseWatch Watch AppUITests" */ = {
			isa = XCConfigurationList;
			buildConfigurations = (
				035DA2122EEF6292003225F0 /* Debug */,
				035DA2132EEF6292003225F0 /* Release */,
			);
			defaultConfigurationIsVisible = 0;
			defaultConfigurationName = Release;
		};
/* End XCConfigurationList section */

/* Begin XCLocalSwiftPackageReference section */
		035DA16F2EEEBAFA003225F0 /* XCLocalSwiftPackageReference "PocketBaseIntents" */ = {
			isa = XCLocalSwiftPackageReference;
			relativePath = PocketBaseIntents;
		};
/* End XCLocalSwiftPackageReference section */

/* Begin XCRemoteSwiftPackageReference section */
		030D576D2E11FF0B000E174B /* XCRemoteSwiftPackageReference "Nuke" */ = {
			isa = XCRemoteSwiftPackageReference;
			repositoryURL = "https://github.com/kean/Nuke.git";
			requirement = {
				kind = upToNextMajorVersion;
				minimumVersion = 12.8.0;
			};
		};
		03214DE02D880955004F65F1 /* XCRemoteSwiftPackageReference "pocketbase" */ = {
			isa = XCRemoteSwiftPackageReference;
			repositoryURL = "https://github.com/briannadoubt/pocketbase";
			requirement = {
				kind = upToNextMajorVersion;
				minimumVersion = 0.2.3;
			};
		};
		03214DE62D881386004F65F1 /* XCRemoteSwiftPackageReference "KeyPathIterable" */ = {
			isa = XCRemoteSwiftPackageReference;
			repositoryURL = "https://github.com/briannadoubt/KeyPathIterable.git";
			requirement = {
				kind = upToNextMajorVersion;
				minimumVersion = 0.1.1;
			};
		};
/* End XCRemoteSwiftPackageReference section */

/* Begin XCSwiftPackageProductDependency section */
		030D576E2E11FF0B000E174B /* NukeUI */ = {
			isa = XCSwiftPackageProductDependency;
			package = 030D576D2E11FF0B000E174B /* XCRemoteSwiftPackageReference "Nuke" */;
			productName = NukeUI;
		};
		03214DE72D881386004F65F1 /* KeyPathIterable */ = {
			isa = XCSwiftPackageProductDependency;
			package = 03214DE62D881386004F65F1 /* XCRemoteSwiftPackageReference "KeyPathIterable" */;
			productName = KeyPathIterable;
		};
		035DA1702EEEBAFA003225F0 /* PocketBaseIntents */ = {
			isa = XCSwiftPackageProductDependency;
			productName = PocketBaseIntents;
		};
		035DA1E02EEF3EBC003225F0 /* PocketBase */ = {
			isa = XCSwiftPackageProductDependency;
			productName = PocketBase;
		};
		035DA1E22EEF3EBC003225F0 /* PocketBaseAdmin */ = {
			isa = XCSwiftPackageProductDependency;
			productName = PocketBaseAdmin;
		};
		035DA1E42EEF3EC1003225F0 /* PocketBaseIntents */ = {
			isa = XCSwiftPackageProductDependency;
			package = 035DA16F2EEEBAFA003225F0 /* XCLocalSwiftPackageReference "PocketBaseIntents" */;
			productName = PocketBaseIntents;
		};
		035DA2142EEF6320003225F0 /* PocketBase */ = {
			isa = XCSwiftPackageProductDependency;
			productName = PocketBase;
		};
		035DA2162EEF6320003225F0 /* PocketBaseAdmin */ = {
			isa = XCSwiftPackageProductDependency;
			productName = PocketBaseAdmin;
		};
		035DA2182EEF6326003225F0 /* PocketBaseIntents */ = {
			isa = XCSwiftPackageProductDependency;
			package = 035DA16F2EEEBAFA003225F0 /* XCLocalSwiftPackageReference "PocketBaseIntents" */;
			productName = PocketBaseIntents;
		};
		037F11EE2D90A587009717C8 /* PocketBaseAdmin */ = {
			isa = XCSwiftPackageProductDependency;
			productName = PocketBaseAdmin;
		};
		0386276B2E10C58900E37D56 /* BetterTable */ = {
			isa = XCSwiftPackageProductDependency;
			productName = BetterTable;
		};
		03EAC97C2D92746200E85F29 /* PocketBaseUI */ = {
			isa = XCSwiftPackageProductDependency;
			productName = PocketBaseUI;
		};
/* End XCSwiftPackageProductDependency section */
	};
	rootObject = 03214DAA2D87F778004F65F1 /* Project object */;
}
